
Microsoft Visual Studio Solution File, Format Version 12.00
# Visual Studio Version 17
VisualStudioVersion = 17.9.34723.18
MinimumVisualStudioVersion = 10.0.40219.1
Project("{9A19103F-16F7-4668-BE54-9A1E7A4F7556}") = "Exo01_console_variables", "Exo01_console_variables\Exo01_console_variables.csproj", "{5B6F6092-6F9B-427E-BECC-8FB56917B8C1}"
EndProject
Project("{9A19103F-16F7-4668-BE54-9A1E7A4F7556}") = "Exo02_conversions", "Exo02_conversions\Exo02_conversions.csproj", "{7E614401-9D31-4AC2-8B2A-741962D2F373}"
EndProject
Project("{9A19103F-16F7-4668-BE54-9A1E7A4F7556}") = "Exo03_conversions", "Exo03_conversions\Exo03_conversions.csproj", "{3FBDD056-C0A9-4012-ADF5-A792708B9D19}"
EndProject
Project("{9A19103F-16F7-4668-BE54-9A1E7A4F7556}") = "Exo04", "Exo04\Exo04.csproj", "{DDC5F9EC-DD06-4849-8553-7157B2A5B7D2}"
EndProject
Project("{9A19103F-16F7-4668-BE54-9A1E7A4F7556}") = "Exo05", "Exo05\Exo05.csproj", "{AC06E62C-1FB0-4F15-B302-FF73DB3F0C04}"
EndProject
Project("{9A19103F-16F7-4668-BE54-9A1E7A4F7556}") = "Exo06", "Exo06\Exo06.csproj", "{CDE90506-4812-49DA-8016-21EA09F78163}"
EndProject
Project("{9A19103F-16F7-4668-BE54-9A1E7A4F7556}") = "Exo07", "Exo07\Exo07.csproj", "{EA4F624C-8791-46DE-8477-7C2289F3ECEE}"
EndProject
Project("{9A19103F-16F7-4668-BE54-9A1E7A4F7556}") = "test", "test\test.csproj", "{051A92E0-FFA1-4C62-9D8F-76D702FFA22F}"
EndProject
Project("{9A19103F-16F7-4668-BE54-9A1E7A4F7556}") = "Exo08", "Exo08\Exo08.csproj", "{C4540E89-2752-4190-B5D3-EB4A8BD004AC}"
EndProject
Project("{9A19103F-16F7-4668-BE54-9A1E7A4F7556}") = "Exo09", "Exo09\Exo09.csproj", "{D593FB63-0E20-424C-89AF-BACEC2C7EDE3}"
EndProject
Project("{9A19103F-16F7-4668-BE54-9A1E7A4F7556}") = "Exo10", "Exo10\Exo10.csproj", "{F044C7D6-3A05-49E7-9BA9-F9A72AADA58D}"
EndProject
Project("{9A19103F-16F7-4668-BE54-9A1E7A4F7556}") = "Exo11", "Exo11\Exo11.csproj", "{4756B6B6-FE89-4B89-9D6D-E35EBFE15B17}"
EndProject
Project("{9A19103F-16F7-4668-BE54-9A1E7A4F7556}") = "Exo12", "Exo12\Exo12.csproj", "{BEF9C6D4-CC88-43F5-9F02-60504080B391}"
EndProject
Project("{9A19103F-16F7-4668-BE54-9A1E7A4F7556}") = "Exo13", "Exo13\Exo13.csproj", "{266B917F-9AB9-49EE-A742-1DE86E129710}"
EndProject
Project("{9A19103F-16F7-4668-BE54-9A1E7A4F7556}") = "Exo14", "Exo14\Exo14.csproj", "{38AD058B-EE33-48D9-AF60-4B92E174B9EE}"
EndProject
Project("{9A19103F-16F7-4668-BE54-9A1E7A4F7556}") = "Exo15", "Exo15\Exo15.csproj", "{DB67A767-6711-46F3-859F-9C5E27B6CD43}"
EndProject
Project("{9A19103F-16F7-4668-BE54-9A1E7A4F7556}") = "Exo16", "Exo16\Exo16.csproj", "{EBC4A2BD-4834-4361-A447-C3C1DE6FEB04}"
EndProject
Project("{9A19103F-16F7-4668-BE54-9A1E7A4F7556}") = "Exo17", "Exo17\Exo17.csproj", "{775A60D5-0CEA-42B4-9121-50D8A27C5814}"
EndProject
Project("{9A19103F-16F7-4668-BE54-9A1E7A4F7556}") = "Exo18", "Exo18\Exo18.csproj", "{7A82BCB8-4C81-42DB-842F-756DD3DC794B}"
EndProject
Project("{9A19103F-16F7-4668-BE54-9A1E7A4F7556}") = "Exo19", "Exo19\Exo19.csproj", "{7D9D8592-224E-4074-BD9F-14A06B987DE4}"
EndProject
Project("{9A19103F-16F7-4668-BE54-9A1E7A4F7556}") = "Exo21_Structure", "Exo21_Structure\Exo21_Structure.csproj", "{C3434120-9638-45FC-9E45-80B105CF2A25}"
EndProject
Project("{9A19103F-16F7-4668-BE54-9A1E7A4F7556}") = "Exo22_Structure_2", "Exo22_Structure_2\Exo22_Structure_2.csproj", "{25D40EA9-09AA-4F6C-BA01-9A108E20AD5A}"
EndProject
Project("{9A19103F-16F7-4668-BE54-9A1E7A4F7556}") = "Exo_Bonus_Structure", "Exo_Bonus_Structure\Exo_Bonus_Structure.csproj", "{9517811C-4C96-49DA-84B8-E449E027C674}"
EndProject
Project("{9A19103F-16F7-4668-BE54-9A1E7A4F7556}") = "Exo23_Methode", "Exo23_Methode\Exo23_Methode.csproj", "{E2579166-7D53-4F09-88EF-93C36A386A2E}"
EndProject
Project("{9A19103F-16F7-4668-BE54-9A1E7A4F7556}") = "Exo_Bonus_Tamagoshi", "Exo_Bonus_Tamagoshi\Exo_Bonus_Tamagoshi.csproj", "{AC0965CB-2FA8-4B7E-8F9B-8529AC306816}"
EndProject
Project("{FAE04EC0-301F-11D3-BF4B-00C04F79EFBC}") = "Exo24_Enum", "Exo24_Enum\Exo24_Enum.csproj", "{8CBA5277-40E8-4809-9C8F-CF13B421A178}"
EndProject
Global
	GlobalSection(SolutionConfigurationPlatforms) = preSolution
		Debug|Any CPU = Debug|Any CPU
		Release|Any CPU = Release|Any CPU
	EndGlobalSection
	GlobalSection(ProjectConfigurationPlatforms) = postSolution
		{5B6F6092-6F9B-427E-BECC-8FB56917B8C1}.Debug|Any CPU.ActiveCfg = Debug|Any CPU
		{5B6F6092-6F9B-427E-BECC-8FB56917B8C1}.Debug|Any CPU.Build.0 = Debug|Any CPU
		{5B6F6092-6F9B-427E-BECC-8FB56917B8C1}.Release|Any CPU.ActiveCfg = Release|Any CPU
		{5B6F6092-6F9B-427E-BECC-8FB56917B8C1}.Release|Any CPU.Build.0 = Release|Any CPU
		{7E614401-9D31-4AC2-8B2A-741962D2F373}.Debug|Any CPU.ActiveCfg = Debug|Any CPU
		{7E614401-9D31-4AC2-8B2A-741962D2F373}.Debug|Any CPU.Build.0 = Debug|Any CPU
		{7E614401-9D31-4AC2-8B2A-741962D2F373}.Release|Any CPU.ActiveCfg = Release|Any CPU
		{7E614401-9D31-4AC2-8B2A-741962D2F373}.Release|Any CPU.Build.0 = Release|Any CPU
		{3FBDD056-C0A9-4012-ADF5-A792708B9D19}.Debug|Any CPU.ActiveCfg = Debug|Any CPU
		{3FBDD056-C0A9-4012-ADF5-A792708B9D19}.Debug|Any CPU.Build.0 = Debug|Any CPU
		{3FBDD056-C0A9-4012-ADF5-A792708B9D19}.Release|Any CPU.ActiveCfg = Release|Any CPU
		{3FBDD056-C0A9-4012-ADF5-A792708B9D19}.Release|Any CPU.Build.0 = Release|Any CPU
		{DDC5F9EC-DD06-4849-8553-7157B2A5B7D2}.Debug|Any CPU.ActiveCfg = Debug|Any CPU
		{DDC5F9EC-DD06-4849-8553-7157B2A5B7D2}.Debug|Any CPU.Build.0 = Debug|Any CPU
		{DDC5F9EC-DD06-4849-8553-7157B2A5B7D2}.Release|Any CPU.ActiveCfg = Release|Any CPU
		{DDC5F9EC-DD06-4849-8553-7157B2A5B7D2}.Release|Any CPU.Build.0 = Release|Any CPU
		{AC06E62C-1FB0-4F15-B302-FF73DB3F0C04}.Debug|Any CPU.ActiveCfg = Debug|Any CPU
		{AC06E62C-1FB0-4F15-B302-FF73DB3F0C04}.Debug|Any CPU.Build.0 = Debug|Any CPU
		{AC06E62C-1FB0-4F15-B302-FF73DB3F0C04}.Release|Any CPU.ActiveCfg = Release|Any CPU
		{AC06E62C-1FB0-4F15-B302-FF73DB3F0C04}.Release|Any CPU.Build.0 = Release|Any CPU
		{CDE90506-4812-49DA-8016-21EA09F78163}.Debug|Any CPU.ActiveCfg = Debug|Any CPU
		{CDE90506-4812-49DA-8016-21EA09F78163}.Debug|Any CPU.Build.0 = Debug|Any CPU
		{CDE90506-4812-49DA-8016-21EA09F78163}.Release|Any CPU.ActiveCfg = Release|Any CPU
		{CDE90506-4812-49DA-8016-21EA09F78163}.Release|Any CPU.Build.0 = Release|Any CPU
		{EA4F624C-8791-46DE-8477-7C2289F3ECEE}.Debug|Any CPU.ActiveCfg = Debug|Any CPU
		{EA4F624C-8791-46DE-8477-7C2289F3ECEE}.Debug|Any CPU.Build.0 = Debug|Any CPU
		{EA4F624C-8791-46DE-8477-7C2289F3ECEE}.Release|Any CPU.ActiveCfg = Release|Any CPU
		{EA4F624C-8791-46DE-8477-7C2289F3ECEE}.Release|Any CPU.Build.0 = Release|Any CPU
		{051A92E0-FFA1-4C62-9D8F-76D702FFA22F}.Debug|Any CPU.ActiveCfg = Debug|Any CPU
		{051A92E0-FFA1-4C62-9D8F-76D702FFA22F}.Debug|Any CPU.Build.0 = Debug|Any CPU
		{051A92E0-FFA1-4C62-9D8F-76D702FFA22F}.Release|Any CPU.ActiveCfg = Release|Any CPU
		{051A92E0-FFA1-4C62-9D8F-76D702FFA22F}.Release|Any CPU.Build.0 = Release|Any CPU
		{C4540E89-2752-4190-B5D3-EB4A8BD004AC}.Debug|Any CPU.ActiveCfg = Debug|Any CPU
		{C4540E89-2752-4190-B5D3-EB4A8BD004AC}.Debug|Any CPU.Build.0 = Debug|Any CPU
		{C4540E89-2752-4190-B5D3-EB4A8BD004AC}.Release|Any CPU.ActiveCfg = Release|Any CPU
		{C4540E89-2752-4190-B5D3-EB4A8BD004AC}.Release|Any CPU.Build.0 = Release|Any CPU
		{D593FB63-0E20-424C-89AF-BACEC2C7EDE3}.Debug|Any CPU.ActiveCfg = Debug|Any CPU
		{D593FB63-0E20-424C-89AF-BACEC2C7EDE3}.Debug|Any CPU.Build.0 = Debug|Any CPU
		{D593FB63-0E20-424C-89AF-BACEC2C7EDE3}.Release|Any CPU.ActiveCfg = Release|Any CPU
		{D593FB63-0E20-424C-89AF-BACEC2C7EDE3}.Release|Any CPU.Build.0 = Release|Any CPU
		{F044C7D6-3A05-49E7-9BA9-F9A72AADA58D}.Debug|Any CPU.ActiveCfg = Debug|Any CPU
		{F044C7D6-3A05-49E7-9BA9-F9A72AADA58D}.Debug|Any CPU.Build.0 = Debug|Any CPU
		{F044C7D6-3A05-49E7-9BA9-F9A72AADA58D}.Release|Any CPU.ActiveCfg = Release|Any CPU
		{F044C7D6-3A05-49E7-9BA9-F9A72AADA58D}.Release|Any CPU.Build.0 = Release|Any CPU
		{4756B6B6-FE89-4B89-9D6D-E35EBFE15B17}.Debug|Any CPU.ActiveCfg = Debug|Any CPU
		{4756B6B6-FE89-4B89-9D6D-E35EBFE15B17}.Debug|Any CPU.Build.0 = Debug|Any CPU
		{4756B6B6-FE89-4B89-9D6D-E35EBFE15B17}.Release|Any CPU.ActiveCfg = Release|Any CPU
		{4756B6B6-FE89-4B89-9D6D-E35EBFE15B17}.Release|Any CPU.Build.0 = Release|Any CPU
		{BEF9C6D4-CC88-43F5-9F02-60504080B391}.Debug|Any CPU.ActiveCfg = Debug|Any CPU
		{BEF9C6D4-CC88-43F5-9F02-60504080B391}.Debug|Any CPU.Build.0 = Debug|Any CPU
		{BEF9C6D4-CC88-43F5-9F02-60504080B391}.Release|Any CPU.ActiveCfg = Release|Any CPU
		{BEF9C6D4-CC88-43F5-9F02-60504080B391}.Release|Any CPU.Build.0 = Release|Any CPU
		{266B917F-9AB9-49EE-A742-1DE86E129710}.Debug|Any CPU.ActiveCfg = Debug|Any CPU
		{266B917F-9AB9-49EE-A742-1DE86E129710}.Debug|Any CPU.Build.0 = Debug|Any CPU
		{266B917F-9AB9-49EE-A742-1DE86E129710}.Release|Any CPU.ActiveCfg = Release|Any CPU
		{266B917F-9AB9-49EE-A742-1DE86E129710}.Release|Any CPU.Build.0 = Release|Any CPU
		{38AD058B-EE33-48D9-AF60-4B92E174B9EE}.Debug|Any CPU.ActiveCfg = Debug|Any CPU
		{38AD058B-EE33-48D9-AF60-4B92E174B9EE}.Debug|Any CPU.Build.0 = Debug|Any CPU
		{38AD058B-EE33-48D9-AF60-4B92E174B9EE}.Release|Any CPU.ActiveCfg = Release|Any CPU
		{38AD058B-EE33-48D9-AF60-4B92E174B9EE}.Release|Any CPU.Build.0 = Release|Any CPU
		{DB67A767-6711-46F3-859F-9C5E27B6CD43}.Debug|Any CPU.ActiveCfg = Debug|Any CPU
		{DB67A767-6711-46F3-859F-9C5E27B6CD43}.Debug|Any CPU.Build.0 = Debug|Any CPU
		{DB67A767-6711-46F3-859F-9C5E27B6CD43}.Release|Any CPU.ActiveCfg = Release|Any CPU
		{DB67A767-6711-46F3-859F-9C5E27B6CD43}.Release|Any CPU.Build.0 = Release|Any CPU
		{EBC4A2BD-4834-4361-A447-C3C1DE6FEB04}.Debug|Any CPU.ActiveCfg = Debug|Any CPU
		{EBC4A2BD-4834-4361-A447-C3C1DE6FEB04}.Debug|Any CPU.Build.0 = Debug|Any CPU
		{EBC4A2BD-4834-4361-A447-C3C1DE6FEB04}.Release|Any CPU.ActiveCfg = Release|Any CPU
		{EBC4A2BD-4834-4361-A447-C3C1DE6FEB04}.Release|Any CPU.Build.0 = Release|Any CPU
		{775A60D5-0CEA-42B4-9121-50D8A27C5814}.Debug|Any CPU.ActiveCfg = Debug|Any CPU
		{775A60D5-0CEA-42B4-9121-50D8A27C5814}.Debug|Any CPU.Build.0 = Debug|Any CPU
		{775A60D5-0CEA-42B4-9121-50D8A27C5814}.Release|Any CPU.ActiveCfg = Release|Any CPU
		{775A60D5-0CEA-42B4-9121-50D8A27C5814}.Release|Any CPU.Build.0 = Release|Any CPU
		{7A82BCB8-4C81-42DB-842F-756DD3DC794B}.Debug|Any CPU.ActiveCfg = Debug|Any CPU
		{7A82BCB8-4C81-42DB-842F-756DD3DC794B}.Debug|Any CPU.Build.0 = Debug|Any CPU
		{7A82BCB8-4C81-42DB-842F-756DD3DC794B}.Release|Any CPU.ActiveCfg = Release|Any CPU
		{7A82BCB8-4C81-42DB-842F-756DD3DC794B}.Release|Any CPU.Build.0 = Release|Any CPU
		{7D9D8592-224E-4074-BD9F-14A06B987DE4}.Debug|Any CPU.ActiveCfg = Debug|Any CPU
		{7D9D8592-224E-4074-BD9F-14A06B987DE4}.Debug|Any CPU.Build.0 = Debug|Any CPU
		{7D9D8592-224E-4074-BD9F-14A06B987DE4}.Release|Any CPU.ActiveCfg = Release|Any CPU
		{7D9D8592-224E-4074-BD9F-14A06B987DE4}.Release|Any CPU.Build.0 = Release|Any CPU
		{C3434120-9638-45FC-9E45-80B105CF2A25}.Debug|Any CPU.ActiveCfg = Debug|Any CPU
		{C3434120-9638-45FC-9E45-80B105CF2A25}.Debug|Any CPU.Build.0 = Debug|Any CPU
		{C3434120-9638-45FC-9E45-80B105CF2A25}.Release|Any CPU.ActiveCfg = Release|Any CPU
		{C3434120-9638-45FC-9E45-80B105CF2A25}.Release|Any CPU.Build.0 = Release|Any CPU
		{25D40EA9-09AA-4F6C-BA01-9A108E20AD5A}.Debug|Any CPU.ActiveCfg = Debug|Any CPU
		{25D40EA9-09AA-4F6C-BA01-9A108E20AD5A}.Debug|Any CPU.Build.0 = Debug|Any CPU
		{25D40EA9-09AA-4F6C-BA01-9A108E20AD5A}.Release|Any CPU.ActiveCfg = Release|Any CPU
		{25D40EA9-09AA-4F6C-BA01-9A108E20AD5A}.Release|Any CPU.Build.0 = Release|Any CPU
		{9517811C-4C96-49DA-84B8-E449E027C674}.Debug|Any CPU.ActiveCfg = Debug|Any CPU
		{9517811C-4C96-49DA-84B8-E449E027C674}.Debug|Any CPU.Build.0 = Debug|Any CPU
		{9517811C-4C96-49DA-84B8-E449E027C674}.Release|Any CPU.ActiveCfg = Release|Any CPU
		{9517811C-4C96-49DA-84B8-E449E027C674}.Release|Any CPU.Build.0 = Release|Any CPU
		{E2579166-7D53-4F09-88EF-93C36A386A2E}.Debug|Any CPU.ActiveCfg = Debug|Any CPU
		{E2579166-7D53-4F09-88EF-93C36A386A2E}.Debug|Any CPU.Build.0 = Debug|Any CPU
		{E2579166-7D53-4F09-88EF-93C36A386A2E}.Release|Any CPU.ActiveCfg = Release|Any CPU
		{E2579166-7D53-4F09-88EF-93C36A386A2E}.Release|Any CPU.Build.0 = Release|Any CPU
		{AC0965CB-2FA8-4B7E-8F9B-8529AC306816}.Debug|Any CPU.ActiveCfg = Debug|Any CPU
		{AC0965CB-2FA8-4B7E-8F9B-8529AC306816}.Debug|Any CPU.Build.0 = Debug|Any CPU
		{AC0965CB-2FA8-4B7E-8F9B-8529AC306816}.Release|Any CPU.ActiveCfg = Release|Any CPU
		{AC0965CB-2FA8-4B7E-8F9B-8529AC306816}.Release|Any CPU.Build.0 = Release|Any CPU
		{8CBA5277-40E8-4809-9C8F-CF13B421A178}.Debug|Any CPU.ActiveCfg = Debug|Any CPU
		{8CBA5277-40E8-4809-9C8F-CF13B421A178}.Debug|Any CPU.Build.0 = Debug|Any CPU
		{8CBA5277-40E8-4809-9C8F-CF13B421A178}.Release|Any CPU.ActiveCfg = Release|Any CPU
		{8CBA5277-40E8-4809-9C8F-CF13B421A178}.Release|Any CPU.Build.0 = Release|Any CPU
	EndGlobalSection
	GlobalSection(SolutionProperties) = preSolution
		HideSolutionNode = FALSE
	EndGlobalSection
	GlobalSection(ExtensibilityGlobals) = postSolution
		SolutionGuid = {A0BE3EC4-7893-4CB3-8D6E-70F4FFB4E5C4}
	EndGlobalSection
EndGlobal
